
Microsoft Visual Studio Solution File, Format Version 10.00
# Visual C++ Express 2008
Project("{8BC9CEB8-8B4A-11D0-8D11-00A0C91BC942}") = "sigscan_test_scanner", "sigscan_test_scanner\sigscan_test_scanner.vcproj", "{35E00574-2F17-48AF-9FAF-41855EAA2DE5}"
	ProjectSection(ProjectDependencies) = postProject
		{9765D206-1CB8-417F-9BB2-AE813F8AAEF8} = {9765D206-1CB8-417F-9BB2-AE813F8AAEF8}
		{35423269-669C-4978-9141-7A18B1228BB6} = {35423269-669C-4978-9141-7A18B1228BB6}
		{839CEBB4-95B3-47FE-A19E-F6F2E3A5292C} = {839CEBB4-95B3-47FE-A19E-F6F2E3A5292C}
	EndProjectSection
EndProject
Project("{8BC9CEB8-8B4A-11D0-8D11-00A0C91BC942}") = "libsigscan", "libsigscan\libsigscan.vcproj", "{9765D206-1CB8-417F-9BB2-AE813F8AAEF8}"
	ProjectSection(ProjectDependencies) = postProject
		{839CEBB4-95B3-47FE-A19E-F6F2E3A5292C} = {839CEBB4-95B3-47FE-A19E-F6F2E3A5292C}
		{35423269-669C-4978-9141-7A18B1228BB6} = {35423269-669C-4978-9141-7A18B1228BB6}
		{59FC0ECC-CE73-4353-853F-F14C460E5BA8} = {59FC0ECC-CE73-4353-853F-F14C460E5BA8}
		{8FC30BAE-89E0-45D8-A1B8-82011DCB2829} = {8FC30BAE-89E0-45D8-A1B8-82011DCB2829}
		{B9AEF203-016F-41F5-AB97-176D64151FBF} = {B9AEF203-016F-41F5-AB97-176D64151FBF}
		{3DFED737-8BE4-4090-83F7-1AF770D4E3B0} = {3DFED737-8BE4-4090-83F7-1AF770D4E3B0}
		{62A09D5E-0C92-4F47-BE6A-4EE10220E041} = {62A09D5E-0C92-4F47-BE6A-4EE10220E041}
		{22D195C6-DAA5-45DC-9BCC-D0CECD6ADDFA} = {22D195C6-DAA5-45DC-9BCC-D0CECD6ADDFA}
		{F0C87014-0F37-4169-9FDD-6B0DCAB3C5E8} = {F0C87014-0F37-4169-9FDD-6B0DCAB3C5E8}
		{5CB9FBBC-4FCB-4B84-A04F-9FC2BCB6FC85} = {5CB9FBBC-4FCB-4B84-A04F-9FC2BCB6FC85}
		{90362EDA-76CE-415B-A54F-ABBACBFFF87B} = {90362EDA-76CE-415B-A54F-ABBACBFFF87B}
	EndProjectSection
EndProject
Project("{8BC9CEB8-8B4A-11D0-8D11-00A0C91BC942}") = "libclocale", "libclocale\libclocale.vcproj", "{B9AEF203-016F-41F5-AB97-176D64151FBF}"
	ProjectSection(ProjectDependencies) = postProject
		{839CEBB4-95B3-47FE-A19E-F6F2E3A5292C} = {839CEBB4-95B3-47FE-A19E-F6F2E3A5292C}
		{35423269-669C-4978-9141-7A18B1228BB6} = {35423269-669C-4978-9141-7A18B1228BB6}
	EndProjectSection
EndProject
Project("{8BC9CEB8-8B4A-11D0-8D11-00A0C91BC942}") = "libbfio", "libbfio\libbfio.vcproj", "{90362EDA-76CE-415B-A54F-ABBACBFFF87B}"
	ProjectSection(ProjectDependencies) = postProject
		{839CEBB4-95B3-47FE-A19E-F6F2E3A5292C} = {839CEBB4-95B3-47FE-A19E-F6F2E3A5292C}
		{35423269-669C-4978-9141-7A18B1228BB6} = {35423269-669C-4978-9141-7A18B1228BB6}
		{59FC0ECC-CE73-4353-853F-F14C460E5BA8} = {59FC0ECC-CE73-4353-853F-F14C460E5BA8}
		{B9AEF203-016F-41F5-AB97-176D64151FBF} = {B9AEF203-016F-41F5-AB97-176D64151FBF}
		{3DFED737-8BE4-4090-83F7-1AF770D4E3B0} = {3DFED737-8BE4-4090-83F7-1AF770D4E3B0}
		{8FC30BAE-89E0-45D8-A1B8-82011DCB2829} = {8FC30BAE-89E0-45D8-A1B8-82011DCB2829}
		{62A09D5E-0C92-4F47-BE6A-4EE10220E041} = {62A09D5E-0C92-4F47-BE6A-4EE10220E041}
		{F0C87014-0F37-4169-9FDD-6B0DCAB3C5E8} = {F0C87014-0F37-4169-9FDD-6B0DCAB3C5E8}
		{5CB9FBBC-4FCB-4B84-A04F-9FC2BCB6FC85} = {5CB9FBBC-4FCB-4B84-A04F-9FC2BCB6FC85}
		{22D195C6-DAA5-45DC-9BCC-D0CECD6ADDFA} = {22D195C6-DAA5-45DC-9BCC-D0CECD6ADDFA}
	EndProjectSection
EndProject
Project("{8BC9CEB8-8B4A-11D0-8D11-00A0C91BC942}") = "libcfile", "libcfile\libcfile.vcproj", "{F0C87014-0F37-4169-9FDD-6B0DCAB3C5E8}"
	ProjectSection(ProjectDependencies) = postProject
		{839CEBB4-95B3-47FE-A19E-F6F2E3A5292C} = {839CEBB4-95B3-47FE-A19E-F6F2E3A5292C}
		{35423269-669C-4978-9141-7A18B1228BB6} = {35423269-669C-4978-9141-7A18B1228BB6}
		{B9AEF203-016F-41F5-AB97-176D64151FBF} = {B9AEF203-016F-41F5-AB97-176D64151FBF}
		{3DFED737-8BE4-4090-83F7-1AF770D4E3B0} = {3DFED737-8BE4-4090-83F7-1AF770D4E3B0}
		{22D195C6-DAA5-45DC-9BCC-D0CECD6ADDFA} = {22D195C6-DAA5-45DC-9BCC-D0CECD6ADDFA}
	EndProjectSection
EndProject
Project("{8BC9CEB8-8B4A-11D0-8D11-00A0C91BC942}") = "libcthreads", "libcthreads\libcthreads.vcproj", "{59FC0ECC-CE73-4353-853F-F14C460E5BA8}"
	ProjectSection(ProjectDependencies) = postProject
		{839CEBB4-95B3-47FE-A19E-F6F2E3A5292C} = {839CEBB4-95B3-47FE-A19E-F6F2E3A5292C}
		{35423269-669C-4978-9141-7A18B1228BB6} = {35423269-669C-4978-9141-7A18B1228BB6}
	EndProjectSection
EndProject
Project("{8BC9CEB8-8B4A-11D0-8D11-00A0C91BC942}") = "sigscan", "sigscan\sigscan.vcproj", "{7AE4F5EF-3658-4CEB-A694-B4D2525E7ABD}"
	ProjectSection(ProjectDependencies) = postProject
		{443271B7-2F6A-408F-80DC-305F71BE4441} = {443271B7-2F6A-408F-80DC-305F71BE4441}
		{F0C87014-0F37-4169-9FDD-6B0DCAB3C5E8} = {F0C87014-0F37-4169-9FDD-6B0DCAB3C5E8}
		{22D195C6-DAA5-45DC-9BCC-D0CECD6ADDFA} = {22D195C6-DAA5-45DC-9BCC-D0CECD6ADDFA}
		{9765D206-1CB8-417F-9BB2-AE813F8AAEF8} = {9765D206-1CB8-417F-9BB2-AE813F8AAEF8}
		{3DFED737-8BE4-4090-83F7-1AF770D4E3B0} = {3DFED737-8BE4-4090-83F7-1AF770D4E3B0}
		{B9AEF203-016F-41F5-AB97-176D64151FBF} = {B9AEF203-016F-41F5-AB97-176D64151FBF}
		{35423269-669C-4978-9141-7A18B1228BB6} = {35423269-669C-4978-9141-7A18B1228BB6}
		{839CEBB4-95B3-47FE-A19E-F6F2E3A5292C} = {839CEBB4-95B3-47FE-A19E-F6F2E3A5292C}
	EndProjectSection
EndProject
Project("{8BC9CEB8-8B4A-11D0-8D11-00A0C91BC942}") = "libcpath", "libcpath\libcpath.vcproj", "{5CB9FBBC-4FCB-4B84-A04F-9FC2BCB6FC85}"
	ProjectSection(ProjectDependencies) = postProject
		{839CEBB4-95B3-47FE-A19E-F6F2E3A5292C} = {839CEBB4-95B3-47FE-A19E-F6F2E3A5292C}
		{35423269-669C-4978-9141-7A18B1228BB6} = {35423269-669C-4978-9141-7A18B1228BB6}
		{B9AEF203-016F-41F5-AB97-176D64151FBF} = {B9AEF203-016F-41F5-AB97-176D64151FBF}
		{62A09D5E-0C92-4F47-BE6A-4EE10220E041} = {62A09D5E-0C92-4F47-BE6A-4EE10220E041}
		{22D195C6-DAA5-45DC-9BCC-D0CECD6ADDFA} = {22D195C6-DAA5-45DC-9BCC-D0CECD6ADDFA}
	EndProjectSection
EndProject
Project("{8BC9CEB8-8B4A-11D0-8D11-00A0C91BC942}") = "libcstring", "libcstring\libcstring.vcproj", "{839CEBB4-95B3-47FE-A19E-F6F2E3A5292C}"
EndProject
Project("{8BC9CEB8-8B4A-11D0-8D11-00A0C91BC942}") = "libuna", "libuna\libuna.vcproj", "{22D195C6-DAA5-45DC-9BCC-D0CECD6ADDFA}"
	ProjectSection(ProjectDependencies) = postProject
		{839CEBB4-95B3-47FE-A19E-F6F2E3A5292C} = {839CEBB4-95B3-47FE-A19E-F6F2E3A5292C}
		{35423269-669C-4978-9141-7A18B1228BB6} = {35423269-669C-4978-9141-7A18B1228BB6}
	EndProjectSection
EndProject
Project("{8BC9CEB8-8B4A-11D0-8D11-00A0C91BC942}") = "libcerror", "libcerror\libcerror.vcproj", "{35423269-669C-4978-9141-7A18B1228BB6}"
	ProjectSection(ProjectDependencies) = postProject
		{839CEBB4-95B3-47FE-A19E-F6F2E3A5292C} = {839CEBB4-95B3-47FE-A19E-F6F2E3A5292C}
	EndProjectSection
EndProject
Project("{8BC9CEB8-8B4A-11D0-8D11-00A0C91BC942}") = "libcnotify", "libcnotify\libcnotify.vcproj", "{3DFED737-8BE4-4090-83F7-1AF770D4E3B0}"
	ProjectSection(ProjectDependencies) = postProject
		{839CEBB4-95B3-47FE-A19E-F6F2E3A5292C} = {839CEBB4-95B3-47FE-A19E-F6F2E3A5292C}
		{35423269-669C-4978-9141-7A18B1228BB6} = {35423269-669C-4978-9141-7A18B1228BB6}
	EndProjectSection
EndProject
Project("{8BC9CEB8-8B4A-11D0-8D11-00A0C91BC942}") = "libcsystem", "libcsystem\libcsystem.vcproj", "{443271B7-2F6A-408F-80DC-305F71BE4441}"
	ProjectSection(ProjectDependencies) = postProject
		{839CEBB4-95B3-47FE-A19E-F6F2E3A5292C} = {839CEBB4-95B3-47FE-A19E-F6F2E3A5292C}
		{35423269-669C-4978-9141-7A18B1228BB6} = {35423269-669C-4978-9141-7A18B1228BB6}
		{B9AEF203-016F-41F5-AB97-176D64151FBF} = {B9AEF203-016F-41F5-AB97-176D64151FBF}
		{3DFED737-8BE4-4090-83F7-1AF770D4E3B0} = {3DFED737-8BE4-4090-83F7-1AF770D4E3B0}
		{22D195C6-DAA5-45DC-9BCC-D0CECD6ADDFA} = {22D195C6-DAA5-45DC-9BCC-D0CECD6ADDFA}
	EndProjectSection
EndProject
Project("{8BC9CEB8-8B4A-11D0-8D11-00A0C91BC942}") = "pysigscan", "pysigscan\pysigscan.vcproj", "{293E6969-B6CC-43B5-9814-6762FBF7F34F}"
	ProjectSection(ProjectDependencies) = postProject
		{839CEBB4-95B3-47FE-A19E-F6F2E3A5292C} = {839CEBB4-95B3-47FE-A19E-F6F2E3A5292C}
		{35423269-669C-4978-9141-7A18B1228BB6} = {35423269-669C-4978-9141-7A18B1228BB6}
		{9765D206-1CB8-417F-9BB2-AE813F8AAEF8} = {9765D206-1CB8-417F-9BB2-AE813F8AAEF8}
		{8FC30BAE-89E0-45D8-A1B8-82011DCB2829} = {8FC30BAE-89E0-45D8-A1B8-82011DCB2829}
		{B9AEF203-016F-41F5-AB97-176D64151FBF} = {B9AEF203-016F-41F5-AB97-176D64151FBF}
		{F0C87014-0F37-4169-9FDD-6B0DCAB3C5E8} = {F0C87014-0F37-4169-9FDD-6B0DCAB3C5E8}
		{5CB9FBBC-4FCB-4B84-A04F-9FC2BCB6FC85} = {5CB9FBBC-4FCB-4B84-A04F-9FC2BCB6FC85}
		{90362EDA-76CE-415B-A54F-ABBACBFFF87B} = {90362EDA-76CE-415B-A54F-ABBACBFFF87B}
	EndProjectSection
EndProject
Project("{8BC9CEB8-8B4A-11D0-8D11-00A0C91BC942}") = "libcdata", "libcdata\libcdata.vcproj", "{8FC30BAE-89E0-45D8-A1B8-82011DCB2829}"
	ProjectSection(ProjectDependencies) = postProject
		{839CEBB4-95B3-47FE-A19E-F6F2E3A5292C} = {839CEBB4-95B3-47FE-A19E-F6F2E3A5292C}
		{35423269-669C-4978-9141-7A18B1228BB6} = {35423269-669C-4978-9141-7A18B1228BB6}
		{59FC0ECC-CE73-4353-853F-F14C460E5BA8} = {59FC0ECC-CE73-4353-853F-F14C460E5BA8}
	EndProjectSection
EndProject
Project("{8BC9CEB8-8B4A-11D0-8D11-00A0C91BC942}") = "libcsplit", "libcsplit\libcsplit.vcproj", "{62A09D5E-0C92-4F47-BE6A-4EE10220E041}"
	ProjectSection(ProjectDependencies) = postProject
		{839CEBB4-95B3-47FE-A19E-F6F2E3A5292C} = {839CEBB4-95B3-47FE-A19E-F6F2E3A5292C}
		{35423269-669C-4978-9141-7A18B1228BB6} = {35423269-669C-4978-9141-7A18B1228BB6}
	EndProjectSection
EndProject
Global
	GlobalSection(SolutionConfigurationPlatforms) = preSolution
		Release|Win32 = Release|Win32
		VSDebug|Win32 = VSDebug|Win32
	EndGlobalSection
	GlobalSection(ProjectConfigurationPlatforms) = postSolution
		{35E00574-2F17-48AF-9FAF-41855EAA2DE5}.Release|Win32.ActiveCfg = Release|Win32
		{35E00574-2F17-48AF-9FAF-41855EAA2DE5}.Release|Win32.Build.0 = Release|Win32
		{35E00574-2F17-48AF-9FAF-41855EAA2DE5}.VSDebug|Win32.ActiveCfg = VSDebug|Win32
		{35E00574-2F17-48AF-9FAF-41855EAA2DE5}.VSDebug|Win32.Build.0 = VSDebug|Win32
		{9765D206-1CB8-417F-9BB2-AE813F8AAEF8}.Release|Win32.ActiveCfg = Release|Win32
		{9765D206-1CB8-417F-9BB2-AE813F8AAEF8}.Release|Win32.Build.0 = Release|Win32
		{9765D206-1CB8-417F-9BB2-AE813F8AAEF8}.VSDebug|Win32.ActiveCfg = VSDebug|Win32
		{9765D206-1CB8-417F-9BB2-AE813F8AAEF8}.VSDebug|Win32.Build.0 = VSDebug|Win32
		{B9AEF203-016F-41F5-AB97-176D64151FBF}.Release|Win32.ActiveCfg = Release|Win32
		{B9AEF203-016F-41F5-AB97-176D64151FBF}.Release|Win32.Build.0 = Release|Win32
		{B9AEF203-016F-41F5-AB97-176D64151FBF}.VSDebug|Win32.ActiveCfg = VSDebug|Win32
		{B9AEF203-016F-41F5-AB97-176D64151FBF}.VSDebug|Win32.Build.0 = VSDebug|Win32
		{90362EDA-76CE-415B-A54F-ABBACBFFF87B}.Release|Win32.ActiveCfg = Release|Win32
		{90362EDA-76CE-415B-A54F-ABBACBFFF87B}.Release|Win32.Build.0 = Release|Win32
		{90362EDA-76CE-415B-A54F-ABBACBFFF87B}.VSDebug|Win32.ActiveCfg = VSDebug|Win32
		{90362EDA-76CE-415B-A54F-ABBACBFFF87B}.VSDebug|Win32.Build.0 = VSDebug|Win32
		{F0C87014-0F37-4169-9FDD-6B0DCAB3C5E8}.Release|Win32.ActiveCfg = Release|Win32
		{F0C87014-0F37-4169-9FDD-6B0DCAB3C5E8}.Release|Win32.Build.0 = Release|Win32
		{F0C87014-0F37-4169-9FDD-6B0DCAB3C5E8}.VSDebug|Win32.ActiveCfg = VSDebug|Win32
		{F0C87014-0F37-4169-9FDD-6B0DCAB3C5E8}.VSDebug|Win32.Build.0 = VSDebug|Win32
		{59FC0ECC-CE73-4353-853F-F14C460E5BA8}.Release|Win32.ActiveCfg = Release|Win32
		{59FC0ECC-CE73-4353-853F-F14C460E5BA8}.Release|Win32.Build.0 = Release|Win32
		{59FC0ECC-CE73-4353-853F-F14C460E5BA8}.VSDebug|Win32.ActiveCfg = VSDebug|Win32
		{59FC0ECC-CE73-4353-853F-F14C460E5BA8}.VSDebug|Win32.Build.0 = VSDebug|Win32
		{7AE4F5EF-3658-4CEB-A694-B4D2525E7ABD}.Release|Win32.ActiveCfg = Release|Win32
		{7AE4F5EF-3658-4CEB-A694-B4D2525E7ABD}.Release|Win32.Build.0 = Release|Win32
		{7AE4F5EF-3658-4CEB-A694-B4D2525E7ABD}.VSDebug|Win32.ActiveCfg = VSDebug|Win32
		{7AE4F5EF-3658-4CEB-A694-B4D2525E7ABD}.VSDebug|Win32.Build.0 = VSDebug|Win32
		{5CB9FBBC-4FCB-4B84-A04F-9FC2BCB6FC85}.Release|Win32.ActiveCfg = Release|Win32
		{5CB9FBBC-4FCB-4B84-A04F-9FC2BCB6FC85}.Release|Win32.Build.0 = Release|Win32
		{5CB9FBBC-4FCB-4B84-A04F-9FC2BCB6FC85}.VSDebug|Win32.ActiveCfg = VSDebug|Win32
		{5CB9FBBC-4FCB-4B84-A04F-9FC2BCB6FC85}.VSDebug|Win32.Build.0 = VSDebug|Win32
		{839CEBB4-95B3-47FE-A19E-F6F2E3A5292C}.Release|Win32.ActiveCfg = Release|Win32
		{839CEBB4-95B3-47FE-A19E-F6F2E3A5292C}.Release|Win32.Build.0 = Release|Win32
		{839CEBB4-95B3-47FE-A19E-F6F2E3A5292C}.VSDebug|Win32.ActiveCfg = VSDebug|Win32
		{839CEBB4-95B3-47FE-A19E-F6F2E3A5292C}.VSDebug|Win32.Build.0 = VSDebug|Win32
		{22D195C6-DAA5-45DC-9BCC-D0CECD6ADDFA}.Release|Win32.ActiveCfg = Release|Win32
		{22D195C6-DAA5-45DC-9BCC-D0CECD6ADDFA}.Release|Win32.Build.0 = Release|Win32
		{22D195C6-DAA5-45DC-9BCC-D0CECD6ADDFA}.VSDebug|Win32.ActiveCfg = VSDebug|Win32
		{22D195C6-DAA5-45DC-9BCC-D0CECD6ADDFA}.VSDebug|Win32.Build.0 = VSDebug|Win32
		{35423269-669C-4978-9141-7A18B1228BB6}.Release|Win32.ActiveCfg = Release|Win32
		{35423269-669C-4978-9141-7A18B1228BB6}.Release|Win32.Build.0 = Release|Win32
		{35423269-669C-4978-9141-7A18B1228BB6}.VSDebug|Win32.ActiveCfg = VSDebug|Win32
		{35423269-669C-4978-9141-7A18B1228BB6}.VSDebug|Win32.Build.0 = VSDebug|Win32
		{3DFED737-8BE4-4090-83F7-1AF770D4E3B0}.Release|Win32.ActiveCfg = Release|Win32
		{3DFED737-8BE4-4090-83F7-1AF770D4E3B0}.Release|Win32.Build.0 = Release|Win32
		{3DFED737-8BE4-4090-83F7-1AF770D4E3B0}.VSDebug|Win32.ActiveCfg = VSDebug|Win32
		{3DFED737-8BE4-4090-83F7-1AF770D4E3B0}.VSDebug|Win32.Build.0 = VSDebug|Win32
		{443271B7-2F6A-408F-80DC-305F71BE4441}.Release|Win32.ActiveCfg = Release|Win32
		{443271B7-2F6A-408F-80DC-305F71BE4441}.Release|Win32.Build.0 = Release|Win32
		{443271B7-2F6A-408F-80DC-305F71BE4441}.VSDebug|Win32.ActiveCfg = VSDebug|Win32
		{443271B7-2F6A-408F-80DC-305F71BE4441}.VSDebug|Win32.Build.0 = VSDebug|Win32
		{293E6969-B6CC-43B5-9814-6762FBF7F34F}.Release|Win32.ActiveCfg = Release|Win32
		{293E6969-B6CC-43B5-9814-6762FBF7F34F}.Release|Win32.Build.0 = Release|Win32
		{293E6969-B6CC-43B5-9814-6762FBF7F34F}.VSDebug|Win32.ActiveCfg = VSDebug|Win32
		{293E6969-B6CC-43B5-9814-6762FBF7F34F}.VSDebug|Win32.Build.0 = VSDebug|Win32
		{8FC30BAE-89E0-45D8-A1B8-82011DCB2829}.Release|Win32.ActiveCfg = Release|Win32
		{8FC30BAE-89E0-45D8-A1B8-82011DCB2829}.Release|Win32.Build.0 = Release|Win32
		{8FC30BAE-89E0-45D8-A1B8-82011DCB2829}.VSDebug|Win32.ActiveCfg = VSDebug|Win32
		{8FC30BAE-89E0-45D8-A1B8-82011DCB2829}.VSDebug|Win32.Build.0 = VSDebug|Win32
		{62A09D5E-0C92-4F47-BE6A-4EE10220E041}.Release|Win32.ActiveCfg = Release|Win32
		{62A09D5E-0C92-4F47-BE6A-4EE10220E041}.Release|Win32.Build.0 = Release|Win32
		{62A09D5E-0C92-4F47-BE6A-4EE10220E041}.VSDebug|Win32.ActiveCfg = VSDebug|Win32
		{62A09D5E-0C92-4F47-BE6A-4EE10220E041}.VSDebug|Win32.Build.0 = VSDebug|Win32
	EndGlobalSection
	GlobalSection(SolutionProperties) = preSolution
		HideSolutionNode = FALSE
	EndGlobalSection
EndGlobal
